// !$*UTF8*$!
{ archiveVersion = 1; classes = {}; objectVersion = 56; objects = {
000000000000000000000001 = { isa = PBXProject; attributes = { LastUpgradeCheck = 2660; TargetAttributes = { 000000000000000000000011 = { TestTargetID = 000000000000000000000010; }; }; }; buildConfigurationList = 00000000000000000000001A; compatibilityVersion = "Xcode 14.0"; developmentRegion = en; knownRegions = (en, Base); mainGroup = 000000000000000000000002; productRefGroup = 000000000000000000000003; projectDirPath = ""; projectRoot = ""; targets = (000000000000000000000010, 000000000000000000000011); };
000000000000000000000002 = { isa = PBXGroup; children = (000000000000000000000004, 000000000000000000000005, 000000000000000000000003); sourceTree = "<group>"; };
000000000000000000000003 = { isa = PBXGroup; children = (00000000000000000000000E, 00000000000000000000000F); name = Products; sourceTree = "<group>"; };
000000000000000000000004 = { isa = PBXGroup; children = (000000000000000000000006); path = App; sourceTree = "<group>"; };
000000000000000000000005 = { isa = PBXGroup; children = (000000000000000000000008, 00000000000000000000000A, 00000000000000000000000C); path = UITests; sourceTree = "<group>"; };
000000000000000000000006 = { isa = PBXFileReference; lastKnownFileType = sourcecode.swift; path = App.swift; sourceTree = "<group>"; };
000000000000000000000007 = { isa = PBXBuildFile; fileRef = 000000000000000000000006; };
000000000000000000000008 = { isa = PBXFileReference; lastKnownFileType = sourcecode.swift; path = CaseRecorder.swift; sourceTree = "<group>"; };
000000000000000000000009 = { isa = PBXBuildFile; fileRef = 000000000000000000000008; };
00000000000000000000000A = { isa = PBXFileReference; lastKnownFileType = sourcecode.swift; path = GeneratedTests.swift; sourceTree = "<group>"; };
00000000000000000000000B = { isa = PBXBuildFile; fileRef = 00000000000000000000000A; };
00000000000000000000000C = { isa = PBXFileReference; lastKnownFileType = sourcecode.swift; path = ExplicitTests.swift; sourceTree = "<group>"; };
00000000000000000000000D = { isa = PBXBuildFile; fileRef = 00000000000000000000000C; };
00000000000000000000000E = { isa = PBXFileReference; explicitFileType = wrapper.application; includeInIndex = 0; path = ContinuityDemo.app; sourceTree = BUILT_PRODUCTS_DIR; };
000000000000000000000010 = { isa = PBXNativeTarget; buildConfigurationList = 00000000000000000000001B; buildPhases = (000000000000000000000012, 000000000000000000000014, 000000000000000000000016); buildRules = (); dependencies = (); name = ContinuityDemo; productName = ContinuityDemo; productReference = 00000000000000000000000E; productType = "com.apple.product-type.application"; };
000000000000000000000012 = { isa = PBXSourcesBuildPhase; buildActionMask = 2147483647; files = (000000000000000000000007); runOnlyForDeploymentPostprocessing = 0; };
000000000000000000000014 = { isa = PBXFrameworksBuildPhase; buildActionMask = 2147483647; files = (); runOnlyForDeploymentPostprocessing = 0; };
000000000000000000000016 = { isa = PBXResourcesBuildPhase; buildActionMask = 2147483647; files = (); runOnlyForDeploymentPostprocessing = 0; };
00000000000000000000000F = { isa = PBXFileReference; explicitFileType = wrapper.cfbundle; includeInIndex = 0; path = ContinuityUITests.xctest; sourceTree = BUILT_PRODUCTS_DIR; };
000000000000000000000011 = { isa = PBXNativeTarget; buildConfigurationList = 00000000000000000000001C; buildPhases = (000000000000000000000013, 000000000000000000000015, 000000000000000000000017); buildRules = (); dependencies = (000000000000000000000019); name = ContinuityUITests; productName = ContinuityUITests; productReference = 00000000000000000000000F; productType = "com.apple.product-type.bundle.ui-testing"; };
000000000000000000000013 = { isa = PBXSourcesBuildPhase; buildActionMask = 2147483647; files = (000000000000000000000009, 00000000000000000000000B, 00000000000000000000000D); runOnlyForDeploymentPostprocessing = 0; };
000000000000000000000015 = { isa = PBXFrameworksBuildPhase; buildActionMask = 2147483647; files = (); runOnlyForDeploymentPostprocessing = 0; };
000000000000000000000017 = { isa = PBXResourcesBuildPhase; buildActionMask = 2147483647; files = (); runOnlyForDeploymentPostprocessing = 0; };
000000000000000000000018 = { isa = PBXContainerItemProxy; containerPortal = 000000000000000000000001; proxyType = 1; remoteGlobalIDString = 000000000000000000000010; remoteInfo = ContinuityDemo; };
000000000000000000000019 = { isa = PBXTargetDependency; target = 000000000000000000000010; targetProxy = 000000000000000000000018; };
00000000000000000000001A = { isa = XCConfigurationList; buildConfigurations = (00000000000000000000001D, 00000000000000000000001E); defaultConfigurationIsVisible = 0; defaultConfigurationName = Release; };
00000000000000000000001D = { isa = XCBuildConfiguration; buildSettings = { CLANG_ENABLE_MODULES = YES; SDKROOT = iphoneos; IPHONEOS_DEPLOYMENT_TARGET = 17.0; SWIFT_VERSION = 5.0; SWIFT_OPTIMIZATION_LEVEL = "-Onone"; DEBUG_INFORMATION_FORMAT = dwarf; }; name = Debug; };
00000000000000000000001E = { isa = XCBuildConfiguration; buildSettings = { CLANG_ENABLE_MODULES = YES; SDKROOT = iphoneos; IPHONEOS_DEPLOYMENT_TARGET = 17.0; SWIFT_VERSION = 5.0; SWIFT_OPTIMIZATION_LEVEL = "-Onone"; DEBUG_INFORMATION_FORMAT = dwarf; }; name = Release; };
00000000000000000000001B = { isa = XCConfigurationList; buildConfigurations = (00000000000000000000001F, 000000000000000000000020); defaultConfigurationIsVisible = 0; defaultConfigurationName = Release; };
00000000000000000000001F = { isa = XCBuildConfiguration; buildSettings = { PRODUCT_NAME = ContinuityDemo; PRODUCT_BUNDLE_IDENTIFIER = dev.memolabs.ContinuityDemo; GENERATE_INFOPLIST_FILE = YES; TARGETED_DEVICE_FAMILY = "1,2"; CURRENT_PROJECT_VERSION = 1; MARKETING_VERSION = 0.1.0; CODE_SIGN_STYLE = Automatic; INFOPLIST_KEY_UILaunchScreen_Generation = YES; INFOPLIST_KEY_UISupportedInterfaceOrientations = "UIInterfaceOrientationPortrait UIInterfaceOrientationLandscapeLeft UIInterfaceOrientationLandscapeRight"; }; name = Debug; };
000000000000000000000020 = { isa = XCBuildConfiguration; buildSettings = { PRODUCT_NAME = ContinuityDemo; PRODUCT_BUNDLE_IDENTIFIER = dev.memolabs.ContinuityDemo; GENERATE_INFOPLIST_FILE = YES; TARGETED_DEVICE_FAMILY = "1,2"; CURRENT_PROJECT_VERSION = 1; MARKETING_VERSION = 0.1.0; CODE_SIGN_STYLE = Automatic; INFOPLIST_KEY_UILaunchScreen_Generation = YES; INFOPLIST_KEY_UISupportedInterfaceOrientations = "UIInterfaceOrientationPortrait UIInterfaceOrientationLandscapeLeft UIInterfaceOrientationLandscapeRight"; }; name = Release; };
00000000000000000000001C = { isa = XCConfigurationList; buildConfigurations = (000000000000000000000021, 000000000000000000000022); defaultConfigurationIsVisible = 0; defaultConfigurationName = Release; };
000000000000000000000021 = { isa = XCBuildConfiguration; buildSettings = { PRODUCT_NAME = ContinuityUITests; PRODUCT_BUNDLE_IDENTIFIER = dev.memolabs.ContinuityUITests; GENERATE_INFOPLIST_FILE = YES; TARGETED_DEVICE_FAMILY = "1,2"; CURRENT_PROJECT_VERSION = 1; MARKETING_VERSION = 0.1.0; CODE_SIGN_STYLE = Automatic; TEST_TARGET_NAME = ContinuityDemo; }; name = Debug; };
000000000000000000000022 = { isa = XCBuildConfiguration; buildSettings = { PRODUCT_NAME = ContinuityUITests; PRODUCT_BUNDLE_IDENTIFIER = dev.memolabs.ContinuityUITests; GENERATE_INFOPLIST_FILE = YES; TARGETED_DEVICE_FAMILY = "1,2"; CURRENT_PROJECT_VERSION = 1; MARKETING_VERSION = 0.1.0; CODE_SIGN_STYLE = Automatic; TEST_TARGET_NAME = ContinuityDemo; }; name = Release; };
}; rootObject = 000000000000000000000001; }
